
Microsoft Visual Studio Solution File, Format Version 12.00
# Visual Studio 15
VisualStudioVersion = 15.0.26124.0
MinimumVisualStudioVersion = 15.0.26124.0
Project("{9A19103F-16F7-4668-BE54-9A1E7A4F7556}") = "MobilePhoneRegion", "src\MobilePhoneRegion\MobilePhoneRegion.csproj", "{8DBDC003-1B4F-434A-A43C-E3BE8FC0771E}"
EndProject
Project("{9A19103F-16F7-4668-BE54-9A1E7A4F7556}") = "MobilePhoneRegionTest", "test\MobilePhoneRegionTest\MobilePhoneRegionTest.csproj", "{1B3F84D8-F23A-4A04-AFCA-BBFA4107A4BA}"
EndProject
Project("{2150E333-8FDC-42A3-9474-1A3956D46DE8}") = "src", "src", "{5DBCAACD-22F7-4FC5-A09E-4DB7AC7BAEBD}"
EndProject
Project("{2150E333-8FDC-42A3-9474-1A3956D46DE8}") = "test", "test", "{7C752647-E8F5-4748-BB4A-B3E4B79DD9A0}"
EndProject
Project("{9A19103F-16F7-4668-BE54-9A1E7A4F7556}") = "PerformanceTest", "test\PerformanceTest\PerformanceTest.csproj", "{DFEF39CA-87F3-4CC1-80DC-819A9EC6F8D4}"
EndProject
Project("{FAE04EC0-301F-11D3-BF4B-00C04F79EFBC}") = "Generator", "src\Generator\Generator.csproj", "{B642855A-E83D-466A-BFC4-25B7346B9540}"
EndProject
Global
	GlobalSection(SolutionConfigurationPlatforms) = preSolution
		Debug|Any CPU = Debug|Any CPU
		Debug|x64 = Debug|x64
		Debug|x86 = Debug|x86
		Release|Any CPU = Release|Any CPU
		Release|x64 = Release|x64
		Release|x86 = Release|x86
	EndGlobalSection
	GlobalSection(ProjectConfigurationPlatforms) = postSolution
		{8DBDC003-1B4F-434A-A43C-E3BE8FC0771E}.Debug|Any CPU.ActiveCfg = Debug|Any CPU
		{8DBDC003-1B4F-434A-A43C-E3BE8FC0771E}.Debug|Any CPU.Build.0 = Debug|Any CPU
		{8DBDC003-1B4F-434A-A43C-E3BE8FC0771E}.Debug|x64.ActiveCfg = Debug|Any CPU
		{8DBDC003-1B4F-434A-A43C-E3BE8FC0771E}.Debug|x64.Build.0 = Debug|Any CPU
		{8DBDC003-1B4F-434A-A43C-E3BE8FC0771E}.Debug|x86.ActiveCfg = Debug|Any CPU
		{8DBDC003-1B4F-434A-A43C-E3BE8FC0771E}.Debug|x86.Build.0 = Debug|Any CPU
		{8DBDC003-1B4F-434A-A43C-E3BE8FC0771E}.Release|Any CPU.ActiveCfg = Release|Any CPU
		{8DBDC003-1B4F-434A-A43C-E3BE8FC0771E}.Release|Any CPU.Build.0 = Release|Any CPU
		{8DBDC003-1B4F-434A-A43C-E3BE8FC0771E}.Release|x64.ActiveCfg = Release|Any CPU
		{8DBDC003-1B4F-434A-A43C-E3BE8FC0771E}.Release|x64.Build.0 = Release|Any CPU
		{8DBDC003-1B4F-434A-A43C-E3BE8FC0771E}.Release|x86.ActiveCfg = Release|Any CPU
		{8DBDC003-1B4F-434A-A43C-E3BE8FC0771E}.Release|x86.Build.0 = Release|Any CPU
		{1B3F84D8-F23A-4A04-AFCA-BBFA4107A4BA}.Debug|Any CPU.ActiveCfg = Debug|Any CPU
		{1B3F84D8-F23A-4A04-AFCA-BBFA4107A4BA}.Debug|Any CPU.Build.0 = Debug|Any CPU
		{1B3F84D8-F23A-4A04-AFCA-BBFA4107A4BA}.Debug|x64.ActiveCfg = Debug|Any CPU
		{1B3F84D8-F23A-4A04-AFCA-BBFA4107A4BA}.Debug|x64.Build.0 = Debug|Any CPU
		{1B3F84D8-F23A-4A04-AFCA-BBFA4107A4BA}.Debug|x86.ActiveCfg = Debug|Any CPU
		{1B3F84D8-F23A-4A04-AFCA-BBFA4107A4BA}.Debug|x86.Build.0 = Debug|Any CPU
		{1B3F84D8-F23A-4A04-AFCA-BBFA4107A4BA}.Release|Any CPU.ActiveCfg = Release|Any CPU
		{1B3F84D8-F23A-4A04-AFCA-BBFA4107A4BA}.Release|Any CPU.Build.0 = Release|Any CPU
		{1B3F84D8-F23A-4A04-AFCA-BBFA4107A4BA}.Release|x64.ActiveCfg = Release|Any CPU
		{1B3F84D8-F23A-4A04-AFCA-BBFA4107A4BA}.Release|x64.Build.0 = Release|Any CPU
		{1B3F84D8-F23A-4A04-AFCA-BBFA4107A4BA}.Release|x86.ActiveCfg = Release|Any CPU
		{1B3F84D8-F23A-4A04-AFCA-BBFA4107A4BA}.Release|x86.Build.0 = Release|Any CPU
		{DFEF39CA-87F3-4CC1-80DC-819A9EC6F8D4}.Debug|Any CPU.ActiveCfg = Debug|Any CPU
		{DFEF39CA-87F3-4CC1-80DC-819A9EC6F8D4}.Debug|Any CPU.Build.0 = Debug|Any CPU
		{DFEF39CA-87F3-4CC1-80DC-819A9EC6F8D4}.Debug|x64.ActiveCfg = Debug|Any CPU
		{DFEF39CA-87F3-4CC1-80DC-819A9EC6F8D4}.Debug|x64.Build.0 = Debug|Any CPU
		{DFEF39CA-87F3-4CC1-80DC-819A9EC6F8D4}.Debug|x86.ActiveCfg = Debug|Any CPU
		{DFEF39CA-87F3-4CC1-80DC-819A9EC6F8D4}.Debug|x86.Build.0 = Debug|Any CPU
		{DFEF39CA-87F3-4CC1-80DC-819A9EC6F8D4}.Release|Any CPU.ActiveCfg = Release|Any CPU
		{DFEF39CA-87F3-4CC1-80DC-819A9EC6F8D4}.Release|Any CPU.Build.0 = Release|Any CPU
		{DFEF39CA-87F3-4CC1-80DC-819A9EC6F8D4}.Release|x64.ActiveCfg = Release|Any CPU
		{DFEF39CA-87F3-4CC1-80DC-819A9EC6F8D4}.Release|x64.Build.0 = Release|Any CPU
		{DFEF39CA-87F3-4CC1-80DC-819A9EC6F8D4}.Release|x86.ActiveCfg = Release|Any CPU
		{DFEF39CA-87F3-4CC1-80DC-819A9EC6F8D4}.Release|x86.Build.0 = Release|Any CPU
		{B642855A-E83D-466A-BFC4-25B7346B9540}.Debug|Any CPU.ActiveCfg = Debug|Any CPU
		{B642855A-E83D-466A-BFC4-25B7346B9540}.Debug|Any CPU.Build.0 = Debug|Any CPU
		{B642855A-E83D-466A-BFC4-25B7346B9540}.Debug|x64.ActiveCfg = Debug|Any CPU
		{B642855A-E83D-466A-BFC4-25B7346B9540}.Debug|x64.Build.0 = Debug|Any CPU
		{B642855A-E83D-466A-BFC4-25B7346B9540}.Debug|x86.ActiveCfg = Debug|Any CPU
		{B642855A-E83D-466A-BFC4-25B7346B9540}.Debug|x86.Build.0 = Debug|Any CPU
		{B642855A-E83D-466A-BFC4-25B7346B9540}.Release|Any CPU.ActiveCfg = Release|Any CPU
		{B642855A-E83D-466A-BFC4-25B7346B9540}.Release|Any CPU.Build.0 = Release|Any CPU
		{B642855A-E83D-466A-BFC4-25B7346B9540}.Release|x64.ActiveCfg = Release|Any CPU
		{B642855A-E83D-466A-BFC4-25B7346B9540}.Release|x64.Build.0 = Release|Any CPU
		{B642855A-E83D-466A-BFC4-25B7346B9540}.Release|x86.ActiveCfg = Release|Any CPU
		{B642855A-E83D-466A-BFC4-25B7346B9540}.Release|x86.Build.0 = Release|Any CPU
	EndGlobalSection
	GlobalSection(SolutionProperties) = preSolution
		HideSolutionNode = FALSE
	EndGlobalSection
	GlobalSection(NestedProjects) = preSolution
		{8DBDC003-1B4F-434A-A43C-E3BE8FC0771E} = {5DBCAACD-22F7-4FC5-A09E-4DB7AC7BAEBD}
		{1B3F84D8-F23A-4A04-AFCA-BBFA4107A4BA} = {7C752647-E8F5-4748-BB4A-B3E4B79DD9A0}
		{DFEF39CA-87F3-4CC1-80DC-819A9EC6F8D4} = {7C752647-E8F5-4748-BB4A-B3E4B79DD9A0}
		{B642855A-E83D-466A-BFC4-25B7346B9540} = {5DBCAACD-22F7-4FC5-A09E-4DB7AC7BAEBD}
	EndGlobalSection
	GlobalSection(ExtensibilityGlobals) = postSolution
		SolutionGuid = {65EAB133-4709-4574-ADBB-719B6E4BC5FD}
	EndGlobalSection
EndGlobal
